
Microsoft Visual Studio Solution File, Format Version 12.00
Project("{FAE04EC0-301F-11D3-BF4B-00C04F79EFBC}") = "StorageApi", "StorageApi\StorageApi.csproj", "{F9974F75-BC81-4DD0-B3F2-72D3C5945BFC}"
EndProject
Project("{2150E333-8FDC-42A3-9474-1A3956D46DE8}") = "src", "src", "{823FD754-2DE6-4DC7-B2C1-955D712E15BC}"
EndProject
Project("{2150E333-8FDC-42A3-9474-1A3956D46DE8}") = "tests", "tests", "{4E421844-35C6-42FA-9EBD-2AEB113D853C}"
EndProject
Project("{FAE04EC0-301F-11D3-BF4B-00C04F79EFBC}") = "StorageApi.IntegrationTests", "StorageApi.IntegrationTests\StorageApi.IntegrationTests.csproj", "{3E8979AD-3D52-4EC8-A9E4-FF7DE3D1062F}"
EndProject
Global
	GlobalSection(SolutionConfigurationPlatforms) = preSolution
		Debug|Any CPU = Debug|Any CPU
		Release|Any CPU = Release|Any CPU
	EndGlobalSection
	GlobalSection(ProjectConfigurationPlatforms) = postSolution
		{F9974F75-BC81-4DD0-B3F2-72D3C5945BFC}.Debug|Any CPU.ActiveCfg = Debug|Any CPU
		{F9974F75-BC81-4DD0-B3F2-72D3C5945BFC}.Debug|Any CPU.Build.0 = Debug|Any CPU
		{F9974F75-BC81-4DD0-B3F2-72D3C5945BFC}.Release|Any CPU.ActiveCfg = Release|Any CPU
		{F9974F75-BC81-4DD0-B3F2-72D3C5945BFC}.Release|Any CPU.Build.0 = Release|Any CPU
		{3E8979AD-3D52-4EC8-A9E4-FF7DE3D1062F}.Debug|Any CPU.ActiveCfg = Debug|Any CPU
		{3E8979AD-3D52-4EC8-A9E4-FF7DE3D1062F}.Debug|Any CPU.Build.0 = Debug|Any CPU
		{3E8979AD-3D52-4EC8-A9E4-FF7DE3D1062F}.Release|Any CPU.ActiveCfg = Release|Any CPU
		{3E8979AD-3D52-4EC8-A9E4-FF7DE3D1062F}.Release|Any CPU.Build.0 = Release|Any CPU
	EndGlobalSection
	GlobalSection(NestedProjects) = preSolution
		{F9974F75-BC81-4DD0-B3F2-72D3C5945BFC} = {823FD754-2DE6-4DC7-B2C1-955D712E15BC}
		{3E8979AD-3D52-4EC8-A9E4-FF7DE3D1062F} = {4E421844-35C6-42FA-9EBD-2AEB113D853C}
	EndGlobalSection
EndGlobal
